// !$*UTF8*$!
{
	archiveVersion = 1;
	classes = {
	};
	objectVersion = 56;
	objects = {

/* Begin PBXBuildFile section */
		EB17E39229D7548D0022B4C8 /* YouthCenterDetailView.swift in Sources */ = {isa = PBXBuildFile; fileRef = EB17E39129D7548D0022B4C8 /* YouthCenterDetailView.swift */; };
		EB17E39429D75C0D0022B4C8 /* GlossaryDetailView.swift in Sources */ = {isa = PBXBuildFile; fileRef = EB17E39329D75C0D0022B4C8 /* GlossaryDetailView.swift */; };
		EB60251429FF833F003CAD21 /* SetFilterTestView.swift in Sources */ = {isa = PBXBuildFile; fileRef = EB60251329FF833F003CAD21 /* SetFilterTestView.swift */; };
		EB73524D29D737450045A713 /* YouthPolicyPediaApp.swift in Sources */ = {isa = PBXBuildFile; fileRef = EB73524C29D737450045A713 /* YouthPolicyPediaApp.swift */; };
		EB73524F29D737450045A713 /* ContentView.swift in Sources */ = {isa = PBXBuildFile; fileRef = EB73524E29D737450045A713 /* ContentView.swift */; };
		EB73525129D737450045A713 /* Assets.xcassets in Resources */ = {isa = PBXBuildFile; fileRef = EB73525029D737450045A713 /* Assets.xcassets */; };
		EB73525429D737450045A713 /* Preview Assets.xcassets in Resources */ = {isa = PBXBuildFile; fileRef = EB73525329D737450045A713 /* Preview Assets.xcassets */; };
		EB73525C29D73AAA0045A713 /* YouthCenterTab.swift in Sources */ = {isa = PBXBuildFile; fileRef = EB73525B29D73AAA0045A713 /* YouthCenterTab.swift */; };
		EB73525E29D73B5D0045A713 /* YouthPolicyTab.swift in Sources */ = {isa = PBXBuildFile; fileRef = EB73525D29D73B5D0045A713 /* YouthPolicyTab.swift */; };
		EB73526229D73C700045A713 /* YouthPolicyGlossaryTab.swift in Sources */ = {isa = PBXBuildFile; fileRef = EB73526129D73C700045A713 /* YouthPolicyGlossaryTab.swift */; };
		EB7CB90929FC2A6F00BF7BFC /* SelectConditionView.swift in Sources */ = {isa = PBXBuildFile; fileRef = EB7CB90829FC2A6F00BF7BFC /* SelectConditionView.swift */; };
		EB7CB90E29FC334C00BF7BFC /* FirstOnboardingView.swift in Sources */ = {isa = PBXBuildFile; fileRef = EB7CB90D29FC334C00BF7BFC /* FirstOnboardingView.swift */; };
		EB7CB91029FC35FE00BF7BFC /* OnboardingText.swift in Sources */ = {isa = PBXBuildFile; fileRef = EB7CB90F29FC35FE00BF7BFC /* OnboardingText.swift */; };
		EB7CB91A29FC4F2800BF7BFC /* LottieUI in Frameworks */ = {isa = PBXBuildFile; productRef = EB7CB91929FC4F2800BF7BFC /* LottieUI */; };
		EB99AF1C29FC18040002EE20 /* PolicyDetailView.swift in Sources */ = {isa = PBXBuildFile; fileRef = EB99AF1B29FC18040002EE20 /* PolicyDetailView.swift */; };
		EBBA99D229EBAD5000829511 /* GoogleService-Info.plist in Resources */ = {isa = PBXBuildFile; fileRef = EBBA99D129EBAD5000829511 /* GoogleService-Info.plist */; };
		EBBA99D529EBADB400829511 /* FirebaseDatabase in Frameworks */ = {isa = PBXBuildFile; productRef = EBBA99D429EBADB400829511 /* FirebaseDatabase */; };
		EBBA99D729EBADB400829511 /* FirebaseDatabaseSwift in Frameworks */ = {isa = PBXBuildFile; productRef = EBBA99D629EBADB400829511 /* FirebaseDatabaseSwift */; };
		EBBA99D929EBADB400829511 /* FirebaseFirestore in Frameworks */ = {isa = PBXBuildFile; productRef = EBBA99D829EBADB400829511 /* FirebaseFirestore */; };
		EBBA99DB29EBADB400829511 /* FirebaseFirestoreSwift in Frameworks */ = {isa = PBXBuildFile; productRef = EBBA99DA29EBADB400829511 /* FirebaseFirestoreSwift */; };
		EBBA99DF29EBAE3500829511 /* Policy.swift in Sources */ = {isa = PBXBuildFile; fileRef = EBBA99DE29EBAE3500829511 /* Policy.swift */; };
		EBBA99E329EBAEEB00829511 /* PolicyStore.swift in Sources */ = {isa = PBXBuildFile; fileRef = EBBA99E229EBAEEB00829511 /* PolicyStore.swift */; };
		EBBA99E529EBB40900829511 /* TestView.swift in Sources */ = {isa = PBXBuildFile; fileRef = EBBA99E429EBB40900829511 /* TestView.swift */; };
/* End PBXBuildFile section */

/* Begin PBXFileReference section */
		EB17E39129D7548D0022B4C8 /* YouthCenterDetailView.swift */ = {isa = PBXFileReference; lastKnownFileType = sourcecode.swift; path = YouthCenterDetailView.swift; sourceTree = "<group>"; };
		EB17E39329D75C0D0022B4C8 /* GlossaryDetailView.swift */ = {isa = PBXFileReference; lastKnownFileType = sourcecode.swift; path = GlossaryDetailView.swift; sourceTree = "<group>"; };
		EB60251329FF833F003CAD21 /* SetFilterTestView.swift */ = {isa = PBXFileReference; lastKnownFileType = sourcecode.swift; path = SetFilterTestView.swift; sourceTree = "<group>"; };
		EB73524929D737450045A713 /* YouthPolicyPedia.app */ = {isa = PBXFileReference; explicitFileType = wrapper.application; includeInIndex = 0; path = YouthPolicyPedia.app; sourceTree = BUILT_PRODUCTS_DIR; };
		EB73524C29D737450045A713 /* YouthPolicyPediaApp.swift */ = {isa = PBXFileReference; lastKnownFileType = sourcecode.swift; path = YouthPolicyPediaApp.swift; sourceTree = "<group>"; };
		EB73524E29D737450045A713 /* ContentView.swift */ = {isa = PBXFileReference; lastKnownFileType = sourcecode.swift; path = ContentView.swift; sourceTree = "<group>"; };
		EB73525029D737450045A713 /* Assets.xcassets */ = {isa = PBXFileReference; lastKnownFileType = folder.assetcatalog; path = Assets.xcassets; sourceTree = "<group>"; };
		EB73525329D737450045A713 /* Preview Assets.xcassets */ = {isa = PBXFileReference; lastKnownFileType = folder.assetcatalog; path = "Preview Assets.xcassets"; sourceTree = "<group>"; };
		EB73525B29D73AAA0045A713 /* YouthCenterTab.swift */ = {isa = PBXFileReference; lastKnownFileType = sourcecode.swift; path = YouthCenterTab.swift; sourceTree = "<group>"; };
		EB73525D29D73B5D0045A713 /* YouthPolicyTab.swift */ = {isa = PBXFileReference; lastKnownFileType = sourcecode.swift; path = YouthPolicyTab.swift; sourceTree = "<group>"; };
		EB73526129D73C700045A713 /* YouthPolicyGlossaryTab.swift */ = {isa = PBXFileReference; lastKnownFileType = sourcecode.swift; path = YouthPolicyGlossaryTab.swift; sourceTree = "<group>"; };
		EB7CB90829FC2A6F00BF7BFC /* SelectConditionView.swift */ = {isa = PBXFileReference; lastKnownFileType = sourcecode.swift; path = SelectConditionView.swift; sourceTree = "<group>"; };
		EB7CB90D29FC334C00BF7BFC /* FirstOnboardingView.swift */ = {isa = PBXFileReference; lastKnownFileType = sourcecode.swift; path = FirstOnboardingView.swift; sourceTree = "<group>"; };
		EB7CB90F29FC35FE00BF7BFC /* OnboardingText.swift */ = {isa = PBXFileReference; lastKnownFileType = sourcecode.swift; path = OnboardingText.swift; sourceTree = "<group>"; };
		EB99AF1B29FC18040002EE20 /* PolicyDetailView.swift */ = {isa = PBXFileReference; lastKnownFileType = sourcecode.swift; path = PolicyDetailView.swift; sourceTree = "<group>"; };
		EBBA99D129EBAD5000829511 /* GoogleService-Info.plist */ = {isa = PBXFileReference; fileEncoding = 4; lastKnownFileType = text.plist.xml; path = "GoogleService-Info.plist"; sourceTree = "<group>"; };
		EBBA99DE29EBAE3500829511 /* Policy.swift */ = {isa = PBXFileReference; lastKnownFileType = sourcecode.swift; path = Policy.swift; sourceTree = "<group>"; };
		EBBA99E229EBAEEB00829511 /* PolicyStore.swift */ = {isa = PBXFileReference; lastKnownFileType = sourcecode.swift; path = PolicyStore.swift; sourceTree = "<group>"; };
		EBBA99E429EBB40900829511 /* TestView.swift */ = {isa = PBXFileReference; lastKnownFileType = sourcecode.swift; path = TestView.swift; sourceTree = "<group>"; };
/* End PBXFileReference section */

/* Begin PBXFrameworksBuildPhase section */
		EB73524629D737450045A713 /* Frameworks */ = {
			isa = PBXFrameworksBuildPhase;
			buildActionMask = 2147483647;
			files = (
				EBBA99D729EBADB400829511 /* FirebaseDatabaseSwift in Frameworks */,
				EBBA99D529EBADB400829511 /* FirebaseDatabase in Frameworks */,
				EB7CB91A29FC4F2800BF7BFC /* LottieUI in Frameworks */,
				EBBA99D929EBADB400829511 /* FirebaseFirestore in Frameworks */,
				EBBA99DB29EBADB400829511 /* FirebaseFirestoreSwift in Frameworks */,
			);
			runOnlyForDeploymentPostprocessing = 0;
		};
/* End PBXFrameworksBuildPhase section */

/* Begin PBXGroup section */
		EB73524029D737450045A713 = {
			isa = PBXGroup;
			children = (
				EB73524B29D737450045A713 /* YouthPolicyPedia */,
				EB73524A29D737450045A713 /* Products */,
			);
			sourceTree = "<group>";
		};
		EB73524A29D737450045A713 /* Products */ = {
			isa = PBXGroup;
			children = (
				EB73524929D737450045A713 /* YouthPolicyPedia.app */,
			);
			name = Products;
			sourceTree = "<group>";
		};
		EB73524B29D737450045A713 /* YouthPolicyPedia */ = {
			isa = PBXGroup;
			children = (
				EBBA99D129EBAD5000829511 /* GoogleService-Info.plist */,
				EB73524C29D737450045A713 /* YouthPolicyPediaApp.swift */,
				EBBA99DD29EBAE2100829511 /* Model */,
				EBBA99E129EBAED300829511 /* ViewModels */,
				EB73525A29D737FD0045A713 /* Views */,
				EB73525029D737450045A713 /* Assets.xcassets */,
				EB73525229D737450045A713 /* Preview Content */,
			);
			path = YouthPolicyPedia;
			sourceTree = "<group>";
		};
		EB73525229D737450045A713 /* Preview Content */ = {
			isa = PBXGroup;
			children = (
				EB73525329D737450045A713 /* Preview Assets.xcassets */,
			);
			path = "Preview Content";
			sourceTree = "<group>";
		};
		EB73525A29D737FD0045A713 /* Views */ = {
			isa = PBXGroup;
			children = (
				EBBA99E429EBB40900829511 /* TestView.swift */,
				EB60251329FF833F003CAD21 /* SetFilterTestView.swift */,
				EB73524E29D737450045A713 /* ContentView.swift */,
				EB73526329D73D320045A713 /* Onboarding */,
				EB7CB90A29FC2CEA00BF7BFC /* CenterViews */,
				EB7CB90C29FC2D0600BF7BFC /* PolicyViews */,
				EB7CB90B29FC2D0400BF7BFC /* GlossaryViews */,
			);
			path = Views;
			sourceTree = "<group>";
		};
		EB73526329D73D320045A713 /* Onboarding */ = {
			isa = PBXGroup;
			children = (
				EB7CB90829FC2A6F00BF7BFC /* SelectConditionView.swift */,
				EB7CB90D29FC334C00BF7BFC /* FirstOnboardingView.swift */,
			);
			path = Onboarding;
			sourceTree = "<group>";
		};
		EB7CB90A29FC2CEA00BF7BFC /* CenterViews */ = {
			isa = PBXGroup;
			children = (
				EB73525B29D73AAA0045A713 /* YouthCenterTab.swift */,
				EB17E39129D7548D0022B4C8 /* YouthCenterDetailView.swift */,
			);
			path = CenterViews;
			sourceTree = "<group>";
		};
		EB7CB90B29FC2D0400BF7BFC /* GlossaryViews */ = {
			isa = PBXGroup;
			children = (
				EB73526129D73C700045A713 /* YouthPolicyGlossaryTab.swift */,
				EB17E39329D75C0D0022B4C8 /* GlossaryDetailView.swift */,
			);
			path = GlossaryViews;
			sourceTree = "<group>";
		};
		EB7CB90C29FC2D0600BF7BFC /* PolicyViews */ = {
			isa = PBXGroup;
			children = (
				EB73525D29D73B5D0045A713 /* YouthPolicyTab.swift */,
				EB99AF1B29FC18040002EE20 /* PolicyDetailView.swift */,
			);
			path = PolicyViews;
			sourceTree = "<group>";
		};
		EBBA99DD29EBAE2100829511 /* Model */ = {
			isa = PBXGroup;
			children = (
				EBBA99DE29EBAE3500829511 /* Policy.swift */,
				EB7CB90F29FC35FE00BF7BFC /* OnboardingText.swift */,
			);
			path = Model;
			sourceTree = "<group>";
		};
		EBBA99E129EBAED300829511 /* ViewModels */ = {
			isa = PBXGroup;
			children = (
				EBBA99E229EBAEEB00829511 /* PolicyStore.swift */,
			);
			path = ViewModels;
			sourceTree = "<group>";
		};
/* End PBXGroup section */

/* Begin PBXNativeTarget section */
		EB73524829D737450045A713 /* YouthPolicyPedia */ = {
			isa = PBXNativeTarget;
			buildConfigurationList = EB73525729D737450045A713 /* Build configuration list for PBXNativeTarget "YouthPolicyPedia" */;
			buildPhases = (
				EB73524529D737450045A713 /* Sources */,
				EB73524629D737450045A713 /* Frameworks */,
				EB73524729D737450045A713 /* Resources */,
			);
			buildRules = (
			);
			dependencies = (
			);
			name = YouthPolicyPedia;
			packageProductDependencies = (
				EBBA99D429EBADB400829511 /* FirebaseDatabase */,
				EBBA99D629EBADB400829511 /* FirebaseDatabaseSwift */,
				EBBA99D829EBADB400829511 /* FirebaseFirestore */,
				EBBA99DA29EBADB400829511 /* FirebaseFirestoreSwift */,
				EB7CB91929FC4F2800BF7BFC /* LottieUI */,
			);
			productName = YouthPolicyPedia;
			productReference = EB73524929D737450045A713 /* YouthPolicyPedia.app */;
			productType = "com.apple.product-type.application";
		};
/* End PBXNativeTarget section */

/* Begin PBXProject section */
		EB73524129D737450045A713 /* Project object */ = {
			isa = PBXProject;
			attributes = {
				BuildIndependentTargetsInParallel = 1;
				LastSwiftUpdateCheck = 1420;
				LastUpgradeCheck = 1420;
				TargetAttributes = {
					EB73524829D737450045A713 = {
						CreatedOnToolsVersion = 14.2;
					};
				};
			};
			buildConfigurationList = EB73524429D737450045A713 /* Build configuration list for PBXProject "YouthPolicyPedia" */;
			compatibilityVersion = "Xcode 14.0";
			developmentRegion = en;
			hasScannedForEncodings = 0;
			knownRegions = (
				en,
				Base,
			);
			mainGroup = EB73524029D737450045A713;
			packageReferences = (
				EBBA99D329EBADB400829511 /* XCRemoteSwiftPackageReference "firebase-ios-sdk" */,
				EB7CB91829FC4F2800BF7BFC /* XCRemoteSwiftPackageReference "LottieUI" */,
			);
			productRefGroup = EB73524A29D737450045A713 /* Products */;
			projectDirPath = "";
			projectRoot = "";
			targets = (
				EB73524829D737450045A713 /* YouthPolicyPedia */,
			);
		};
/* End PBXProject section */

/* Begin PBXResourcesBuildPhase section */
		EB73524729D737450045A713 /* Resources */ = {
			isa = PBXResourcesBuildPhase;
			buildActionMask = 2147483647;
			files = (
				EB73525429D737450045A713 /* Preview Assets.xcassets in Resources */,
				EB73525129D737450045A713 /* Assets.xcassets in Resources */,
				EBBA99D229EBAD5000829511 /* GoogleService-Info.plist in Resources */,
			);
			runOnlyForDeploymentPostprocessing = 0;
		};
/* End PBXResourcesBuildPhase section */

/* Begin PBXSourcesBuildPhase section */
		EB73524529D737450045A713 /* Sources */ = {
			isa = PBXSourcesBuildPhase;
			buildActionMask = 2147483647;
			files = (
				EB73526229D73C700045A713 /* YouthPolicyGlossaryTab.swift in Sources */,
				EB73524F29D737450045A713 /* ContentView.swift in Sources */,
				EB7CB90929FC2A6F00BF7BFC /* SelectConditionView.swift in Sources */,
				EB60251429FF833F003CAD21 /* SetFilterTestView.swift in Sources */,
				EB17E39429D75C0D0022B4C8 /* GlossaryDetailView.swift in Sources */,
				EB17E39229D7548D0022B4C8 /* YouthCenterDetailView.swift in Sources */,
				EB7CB91029FC35FE00BF7BFC /* OnboardingText.swift in Sources */,
				EB73525C29D73AAA0045A713 /* YouthCenterTab.swift in Sources */,
				EB99AF1C29FC18040002EE20 /* PolicyDetailView.swift in Sources */,
				EB73524D29D737450045A713 /* YouthPolicyPediaApp.swift in Sources */,
				EBBA99E529EBB40900829511 /* TestView.swift in Sources */,
				EBBA99E329EBAEEB00829511 /* PolicyStore.swift in Sources */,
				EB73525E29D73B5D0045A713 /* YouthPolicyTab.swift in Sources */,
				EB7CB90E29FC334C00BF7BFC /* FirstOnboardingView.swift in Sources */,
				EBBA99DF29EBAE3500829511 /* Policy.swift in Sources */,
			);
			runOnlyForDeploymentPostprocessing = 0;
		};
/* End PBXSourcesBuildPhase section */

/* Begin XCBuildConfiguration section */
		EB73525529D737450045A713 /* Debug */ = {
			isa = XCBuildConfiguration;
			buildSettings = {
				ALWAYS_SEARCH_USER_PATHS = NO;
				CLANG_ANALYZER_NONNULL = YES;
				CLANG_ANALYZER_NUMBER_OBJECT_CONVERSION = YES_AGGRESSIVE;
				CLANG_CXX_LANGUAGE_STANDARD = "gnu++20";
				CLANG_ENABLE_MODULES = YES;
				CLANG_ENABLE_OBJC_ARC = YES;
				CLANG_ENABLE_OBJC_WEAK = YES;
				CLANG_WARN_BLOCK_CAPTURE_AUTORELEASING = YES;
				CLANG_WARN_BOOL_CONVERSION = YES;
				CLANG_WARN_COMMA = YES;
				CLANG_WARN_CONSTANT_CONVERSION = YES;
				CLANG_WARN_DEPRECATED_OBJC_IMPLEMENTATIONS = YES;
				CLANG_WARN_DIRECT_OBJC_ISA_USAGE = YES_ERROR;
				CLANG_WARN_DOCUMENTATION_COMMENTS = YES;
				CLANG_WARN_EMPTY_BODY = YES;
				CLANG_WARN_ENUM_CONVERSION = YES;
				CLANG_WARN_INFINITE_RECURSION = YES;
				CLANG_WARN_INT_CONVERSION = YES;
				CLANG_WARN_NON_LITERAL_NULL_CONVERSION = YES;
				CLANG_WARN_OBJC_IMPLICIT_RETAIN_SELF = YES;
				CLANG_WARN_OBJC_LITERAL_CONVERSION = YES;
				CLANG_WARN_OBJC_ROOT_CLASS = YES_ERROR;
				CLANG_WARN_QUOTED_INCLUDE_IN_FRAMEWORK_HEADER = YES;
				CLANG_WARN_RANGE_LOOP_ANALYSIS = YES;
				CLANG_WARN_STRICT_PROTOTYPES = YES;
				CLANG_WARN_SUSPICIOUS_MOVE = YES;
				CLANG_WARN_UNGUARDED_AVAILABILITY = YES_AGGRESSIVE;
				CLANG_WARN_UNREACHABLE_CODE = YES;
				CLANG_WARN__DUPLICATE_METHOD_MATCH = YES;
				COPY_PHASE_STRIP = NO;
				DEBUG_INFORMATION_FORMAT = dwarf;
				ENABLE_STRICT_OBJC_MSGSEND = YES;
				ENABLE_TESTABILITY = YES;
				GCC_C_LANGUAGE_STANDARD = gnu11;
				GCC_DYNAMIC_NO_PIC = NO;
				GCC_NO_COMMON_BLOCKS = YES;
				GCC_OPTIMIZATION_LEVEL = 0;
				GCC_PREPROCESSOR_DEFINITIONS = (
					"DEBUG=1",
					"$(inherited)",
				);
				GCC_WARN_64_TO_32_BIT_CONVERSION = YES;
				GCC_WARN_ABOUT_RETURN_TYPE = YES_ERROR;
				GCC_WARN_UNDECLARED_SELECTOR = YES;
				GCC_WARN_UNINITIALIZED_AUTOS = YES_AGGRESSIVE;
				GCC_WARN_UNUSED_FUNCTION = YES;
				GCC_WARN_UNUSED_VARIABLE = YES;
				IPHONEOS_DEPLOYMENT_TARGET = 16.2;
				MTL_ENABLE_DEBUG_INFO = INCLUDE_SOURCE;
				MTL_FAST_MATH = YES;
				ONLY_ACTIVE_ARCH = YES;
				SDKROOT = iphoneos;
				SWIFT_ACTIVE_COMPILATION_CONDITIONS = DEBUG;
				SWIFT_OPTIMIZATION_LEVEL = "-Onone";
			};
			name = Debug;
		};
		EB73525629D737450045A713 /* Release */ = {
			isa = XCBuildConfiguration;
			buildSettings = {
				ALWAYS_SEARCH_USER_PATHS = NO;
				CLANG_ANALYZER_NONNULL = YES;
				CLANG_ANALYZER_NUMBER_OBJECT_CONVERSION = YES_AGGRESSIVE;
				CLANG_CXX_LANGUAGE_STANDARD = "gnu++20";
				CLANG_ENABLE_MODULES = YES;
				CLANG_ENABLE_OBJC_ARC = YES;
				CLANG_ENABLE_OBJC_WEAK = YES;
				CLANG_WARN_BLOCK_CAPTURE_AUTORELEASING = YES;
				CLANG_WARN_BOOL_CONVERSION = YES;
				CLANG_WARN_COMMA = YES;
				CLANG_WARN_CONSTANT_CONVERSION = YES;
				CLANG_WARN_DEPRECATED_OBJC_IMPLEMENTATIONS = YES;
				CLANG_WARN_DIRECT_OBJC_ISA_USAGE = YES_ERROR;
				CLANG_WARN_DOCUMENTATION_COMMENTS = YES;
				CLANG_WARN_EMPTY_BODY = YES;
				CLANG_WARN_ENUM_CONVERSION = YES;
				CLANG_WARN_INFINITE_RECURSION = YES;
				CLANG_WARN_INT_CONVERSION = YES;
				CLANG_WARN_NON_LITERAL_NULL_CONVERSION = YES;
				CLANG_WARN_OBJC_IMPLICIT_RETAIN_SELF = YES;
				CLANG_WARN_OBJC_LITERAL_CONVERSION = YES;
				CLANG_WARN_OBJC_ROOT_CLASS = YES_ERROR;
				CLANG_WARN_QUOTED_INCLUDE_IN_FRAMEWORK_HEADER = YES;
				CLANG_WARN_RANGE_LOOP_ANALYSIS = YES;
				CLANG_WARN_STRICT_PROTOTYPES = YES;
				CLANG_WARN_SUSPICIOUS_MOVE = YES;
				CLANG_WARN_UNGUARDED_AVAILABILITY = YES_AGGRESSIVE;
				CLANG_WARN_UNREACHABLE_CODE = YES;
				CLANG_WARN__DUPLICATE_METHOD_MATCH = YES;
				COPY_PHASE_STRIP = NO;
				DEBUG_INFORMATION_FORMAT = "dwarf-with-dsym";
				ENABLE_NS_ASSERTIONS = NO;
				ENABLE_STRICT_OBJC_MSGSEND = YES;
				GCC_C_LANGUAGE_STANDARD = gnu11;
				GCC_NO_COMMON_BLOCKS = YES;
				GCC_WARN_64_TO_32_BIT_CONVERSION = YES;
				GCC_WARN_ABOUT_RETURN_TYPE = YES_ERROR;
				GCC_WARN_UNDECLARED_SELECTOR = YES;
				GCC_WARN_UNINITIALIZED_AUTOS = YES_AGGRESSIVE;
				GCC_WARN_UNUSED_FUNCTION = YES;
				GCC_WARN_UNUSED_VARIABLE = YES;
				IPHONEOS_DEPLOYMENT_TARGET = 16.2;
				MTL_ENABLE_DEBUG_INFO = NO;
				MTL_FAST_MATH = YES;
				SDKROOT = iphoneos;
				SWIFT_COMPILATION_MODE = wholemodule;
				SWIFT_OPTIMIZATION_LEVEL = "-O";
				VALIDATE_PRODUCT = YES;
			};
			name = Release;
		};
		EB73525829D737450045A713 /* Debug */ = {
			isa = XCBuildConfiguration;
			buildSettings = {
				ASSETCATALOG_COMPILER_APPICON_NAME = AppIcon;
				ASSETCATALOG_COMPILER_GLOBAL_ACCENT_COLOR_NAME = AccentColor;
				CODE_SIGN_STYLE = Automatic;
				CURRENT_PROJECT_VERSION = 1;
				DEVELOPMENT_ASSET_PATHS = "\"YouthPolicyPedia/Preview Content\"";
				ENABLE_PREVIEWS = YES;
				GENERATE_INFOPLIST_FILE = YES;
				INFOPLIST_KEY_UIApplicationSceneManifest_Generation = YES;
				INFOPLIST_KEY_UIApplicationSupportsIndirectInputEvents = YES;
				INFOPLIST_KEY_UILaunchScreen_Generation = YES;
				INFOPLIST_KEY_UISupportedInterfaceOrientations_iPad = "UIInterfaceOrientationPortrait UIInterfaceOrientationPortraitUpsideDown UIInterfaceOrientationLandscapeLeft UIInterfaceOrientationLandscapeRight";
				INFOPLIST_KEY_UISupportedInterfaceOrientations_iPhone = "UIInterfaceOrientationPortrait UIInterfaceOrientationLandscapeLeft UIInterfaceOrientationLandscapeRight";
				IPHONEOS_DEPLOYMENT_TARGET = 16.0;
				LD_RUNPATH_SEARCH_PATHS = (
					"$(inherited)",
					"@executable_path/Frameworks",
				);
				MARKETING_VERSION = 1.0;
				PRODUCT_BUNDLE_IDENTIFIER = com.KTS224.YouthPolicyPedia;
				PRODUCT_NAME = "$(TARGET_NAME)";
				SWIFT_EMIT_LOC_STRINGS = YES;
				SWIFT_VERSION = 5.0;
				TARGETED_DEVICE_FAMILY = "1,2";
			};
			name = Debug;
		};
		EB73525929D737450045A713 /* Release */ = {
			isa = XCBuildConfiguration;
			buildSettings = {
				ASSETCATALOG_COMPILER_APPICON_NAME = AppIcon;
				ASSETCATALOG_COMPILER_GLOBAL_ACCENT_COLOR_NAME = AccentColor;
				CODE_SIGN_STYLE = Automatic;
				CURRENT_PROJECT_VERSION = 1;
				DEVELOPMENT_ASSET_PATHS = "\"YouthPolicyPedia/Preview Content\"";
				ENABLE_PREVIEWS = YES;
				GENERATE_INFOPLIST_FILE = YES;
				INFOPLIST_KEY_UIApplicationSceneManifest_Generation = YES;
				INFOPLIST_KEY_UIApplicationSupportsIndirectInputEvents = YES;
				INFOPLIST_KEY_UILaunchScreen_Generation = YES;
				INFOPLIST_KEY_UISupportedInterfaceOrientations_iPad = "UIInterfaceOrientationPortrait UIInterfaceOrientationPortraitUpsideDown UIInterfaceOrientationLandscapeLeft UIInterfaceOrientationLandscapeRight";
				INFOPLIST_KEY_UISupportedInterfaceOrientations_iPhone = "UIInterfaceOrientationPortrait UIInterfaceOrientationLandscapeLeft UIInterfaceOrientationLandscapeRight";
				IPHONEOS_DEPLOYMENT_TARGET = 16.0;
				LD_RUNPATH_SEARCH_PATHS = (
					"$(inherited)",
					"@executable_path/Frameworks",
				);
				MARKETING_VERSION = 1.0;
				PRODUCT_BUNDLE_IDENTIFIER = com.KTS224.YouthPolicyPedia;
				PRODUCT_NAME = "$(TARGET_NAME)";
				SWIFT_EMIT_LOC_STRINGS = YES;
				SWIFT_VERSION = 5.0;
				TARGETED_DEVICE_FAMILY = "1,2";
			};
			name = Release;
		};
/* End XCBuildConfiguration section */

/* Begin XCConfigurationList section */
		EB73524429D737450045A713 /* Build configuration list for PBXProject "YouthPolicyPedia" */ = {
			isa = XCConfigurationList;
			buildConfigurations = (
				EB73525529D737450045A713 /* Debug */,
				EB73525629D737450045A713 /* Release */,
			);
			defaultConfigurationIsVisible = 0;
			defaultConfigurationName = Release;
		};
		EB73525729D737450045A713 /* Build configuration list for PBXNativeTarget "YouthPolicyPedia" */ = {
			isa = XCConfigurationList;
			buildConfigurations = (
				EB73525829D737450045A713 /* Debug */,
				EB73525929D737450045A713 /* Release */,
			);
			defaultConfigurationIsVisible = 0;
			defaultConfigurationName = Release;
		};
/* End XCConfigurationList section */

/* Begin XCRemoteSwiftPackageReference section */
		EB7CB91829FC4F2800BF7BFC /* XCRemoteSwiftPackageReference "LottieUI" */ = {
			isa = XCRemoteSwiftPackageReference;
			repositoryURL = "https://github.com/tfmart/LottieUI";
			requirement = {
				kind = upToNextMajorVersion;
				minimumVersion = 1.0.0;
			};
		};
		EBBA99D329EBADB400829511 /* XCRemoteSwiftPackageReference "firebase-ios-sdk" */ = {
			isa = XCRemoteSwiftPackageReference;
			repositoryURL = "https://github.com/firebase/firebase-ios-sdk.git";
			requirement = {
				branch = master;
				kind = branch;
			};
		};
/* End XCRemoteSwiftPackageReference section */

/* Begin XCSwiftPackageProductDependency section */
		EB7CB91929FC4F2800BF7BFC /* LottieUI */ = {
			isa = XCSwiftPackageProductDependency;
			package = EB7CB91829FC4F2800BF7BFC /* XCRemoteSwiftPackageReference "LottieUI" */;
			productName = LottieUI;
		};
		EBBA99D429EBADB400829511 /* FirebaseDatabase */ = {
			isa = XCSwiftPackageProductDependency;
			package = EBBA99D329EBADB400829511 /* XCRemoteSwiftPackageReference "firebase-ios-sdk" */;
			productName = FirebaseDatabase;
		};
		EBBA99D629EBADB400829511 /* FirebaseDatabaseSwift */ = {
			isa = XCSwiftPackageProductDependency;
			package = EBBA99D329EBADB400829511 /* XCRemoteSwiftPackageReference "firebase-ios-sdk" */;
			productName = FirebaseDatabaseSwift;
		};
		EBBA99D829EBADB400829511 /* FirebaseFirestore */ = {
			isa = XCSwiftPackageProductDependency;
			package = EBBA99D329EBADB400829511 /* XCRemoteSwiftPackageReference "firebase-ios-sdk" */;
			productName = FirebaseFirestore;
		};
		EBBA99DA29EBADB400829511 /* FirebaseFirestoreSwift */ = {
			isa = XCSwiftPackageProductDependency;
			package = EBBA99D329EBADB400829511 /* XCRemoteSwiftPackageReference "firebase-ios-sdk" */;
			productName = FirebaseFirestoreSwift;
		};
/* End XCSwiftPackageProductDependency section */
	};
	rootObject = EB73524129D737450045A713 /* Project object */;
}
